Microsoft Visual Studio Solution File, Format Version 11.00
# Visual Studio 2008

Project("{9BF44900-EB84-69E1-81B1-007077D4B564}") = "Wheels of Steel", "Assembly-CSharp.csproj", "{E792F4C4-AEBB-EAB7-69CC-76DF218561D3}"
EndProject
Project("{9BF44900-EB84-69E1-81B1-007077D4B564}") = "Wheels of Steel", "Assembly-CSharp-Editor.csproj", "{B5CB5EF4-30FE-9033-2840-A697E99B8603}"
EndProject
Global
	GlobalSection(SolutionConfigurationPlatforms) = preSolution
		Debug|Any CPU = Debug|Any CPU
		Release|Any CPU = Release|Any CPU
	EndGlobalSection
	GlobalSection(ProjectConfigurationPlatforms) = postSolution
		{E792F4C4-AEBB-EAB7-69CC-76DF218561D3}.Debug|Any CPU.ActiveCfg = Debug|Any CPU
		{E792F4C4-AEBB-EAB7-69CC-76DF218561D3}.Debug|Any CPU.Build.0 = Debug|Any CPU
		{E792F4C4-AEBB-EAB7-69CC-76DF218561D3}.Release|Any CPU.ActiveCfg = Release|Any CPU
		{E792F4C4-AEBB-EAB7-69CC-76DF218561D3}.Release|Any CPU.Build.0 = Release|Any CPU
		{B5CB5EF4-30FE-9033-2840-A697E99B8603}.Debug|Any CPU.ActiveCfg = Debug|Any CPU
		{B5CB5EF4-30FE-9033-2840-A697E99B8603}.Debug|Any CPU.Build.0 = Debug|Any CPU
		{B5CB5EF4-30FE-9033-2840-A697E99B8603}.Release|Any CPU.ActiveCfg = Release|Any CPU
		{B5CB5EF4-30FE-9033-2840-A697E99B8603}.Release|Any CPU.Build.0 = Release|Any CPU
	EndGlobalSection
	GlobalSection(SolutionProperties) = preSolution
		HideSolutionNode = FALSE
	EndGlobalSection
	GlobalSection(MonoDevelopProperties) = preSolution
		StartupItem = Assembly-CSharp.csproj
	EndGlobalSection
EndGlobal
